
Microsoft Visual Studio Solution File, Format Version 12.00
# Visual Studio 15
VisualStudioVersion = 15.0.26430.14
MinimumVisualStudioVersion = 10.0.40219.1
Project("{FAE04EC0-301F-11D3-BF4B-00C04F79EFBC}") = "01.SinoTheWalker", "Exam01\01.SinoTheWalker.csproj", "{67381BE0-F619-4D2E-8CD7-351C8777A7F3}"
EndProject
Project("{FAE04EC0-301F-11D3-BF4B-00C04F79EFBC}") = "02.SoftUniKaraoke", "02.SoftUniKaraoke\02.SoftUniKaraoke.csproj", "{BD5EC39E-C268-42AA-A182-F8AE0F2598B5}"
EndProject
Project("{FAE04EC0-301F-11D3-BF4B-00C04F79EFBC}") = "03.EnduranceRally", "03.EnduranceRally\03.EnduranceRally.csproj", "{C2505CD9-2B87-42FB-972B-E5AB73DB97F3}"
EndProject
Project("{FAE04EC0-301F-11D3-BF4B-00C04F79EFBC}") = "04.WinningTicket", "04.WinningTicket\04.WinningTicket.csproj", "{B868C5B6-9B86-4F0D-95AA-CFEF2FF127F5}"
EndProject
Global
	GlobalSection(SolutionConfigurationPlatforms) = preSolution
		Debug|Any CPU = Debug|Any CPU
		Release|Any CPU = Release|Any CPU
	EndGlobalSection
	GlobalSection(ProjectConfigurationPlatforms) = postSolution
		{67381BE0-F619-4D2E-8CD7-351C8777A7F3}.Debug|Any CPU.ActiveCfg = Debug|Any CPU
		{67381BE0-F619-4D2E-8CD7-351C8777A7F3}.Debug|Any CPU.Build.0 = Debug|Any CPU
		{67381BE0-F619-4D2E-8CD7-351C8777A7F3}.Release|Any CPU.ActiveCfg = Release|Any CPU
		{67381BE0-F619-4D2E-8CD7-351C8777A7F3}.Release|Any CPU.Build.0 = Release|Any CPU
		{BD5EC39E-C268-42AA-A182-F8AE0F2598B5}.Debug|Any CPU.ActiveCfg = Debug|Any CPU
		{BD5EC39E-C268-42AA-A182-F8AE0F2598B5}.Debug|Any CPU.Build.0 = Debug|Any CPU
		{BD5EC39E-C268-42AA-A182-F8AE0F2598B5}.Release|Any CPU.ActiveCfg = Release|Any CPU
		{BD5EC39E-C268-42AA-A182-F8AE0F2598B5}.Release|Any CPU.Build.0 = Release|Any CPU
		{C2505CD9-2B87-42FB-972B-E5AB73DB97F3}.Debug|Any CPU.ActiveCfg = Debug|Any CPU
		{C2505CD9-2B87-42FB-972B-E5AB73DB97F3}.Debug|Any CPU.Build.0 = Debug|Any CPU
		{C2505CD9-2B87-42FB-972B-E5AB73DB97F3}.Release|Any CPU.ActiveCfg = Release|Any CPU
		{C2505CD9-2B87-42FB-972B-E5AB73DB97F3}.Release|Any CPU.Build.0 = Release|Any CPU
		{B868C5B6-9B86-4F0D-95AA-CFEF2FF127F5}.Debug|Any CPU.ActiveCfg = Debug|Any CPU
		{B868C5B6-9B86-4F0D-95AA-CFEF2FF127F5}.Debug|Any CPU.Build.0 = Debug|Any CPU
		{B868C5B6-9B86-4F0D-95AA-CFEF2FF127F5}.Release|Any CPU.ActiveCfg = Release|Any CPU
		{B868C5B6-9B86-4F0D-95AA-CFEF2FF127F5}.Release|Any CPU.Build.0 = Release|Any CPU
	EndGlobalSection
	GlobalSection(SolutionProperties) = preSolution
		HideSolutionNode = FALSE
	EndGlobalSection
EndGlobal
