
Microsoft Visual Studio Solution File, Format Version 12.00
# Visual Studio 15
VisualStudioVersion = 15.0.26430.14
MinimumVisualStudioVersion = 10.0.40219.1
Project("{FAE04EC0-301F-11D3-BF4B-00C04F79EFBC}") = "00", "00\00.csproj", "{7CA10F0A-1728-43EA-9094-02808EA4B31F}"
EndProject
Project("{FAE04EC0-301F-11D3-BF4B-00C04F79EFBC}") = "01.ExtractEmails", "01.ExtractEmails\01.ExtractEmails.csproj", "{4D716BA6-2EFD-4C28-8A09-71D593F1E023}"
EndProject
Project("{FAE04EC0-301F-11D3-BF4B-00C04F79EFBC}") = "02.ExtSentecByKey", "02.ExtSentecByKey\02.ExtSentecByKey.csproj", "{073A5971-1245-4751-907F-E3581121E611}"
EndProject
Project("{FAE04EC0-301F-11D3-BF4B-00C04F79EFBC}") = "03.CameraView", "03.CameraView\03.CameraView.csproj", "{C37A3AAE-43CE-4605-A22D-A979791E6AE9}"
EndProject
Project("{FAE04EC0-301F-11D3-BF4B-00C04F79EFBC}") = "04.Weather", "04.Weather\04.Weather.csproj", "{167FAD27-09D5-4897-8EF0-BCFF25BBBCB1}"
EndProject
Project("{FAE04EC0-301F-11D3-BF4B-00C04F79EFBC}") = "05.KeyReplacer", "05.KeyReplacer\05.KeyReplacer.csproj", "{4A513D12-EC40-4873-B7CA-F1EDA8E36DD7}"
EndProject
Project("{FAE04EC0-301F-11D3-BF4B-00C04F79EFBC}") = "06.ValidUsernames", "06.ValidUsernames\06.ValidUsernames.csproj", "{6A3C5A4E-662D-4A02-81D9-48A0E4A0B650}"
EndProject
Project("{FAE04EC0-301F-11D3-BF4B-00C04F79EFBC}") = "07.QuerryMess", "07.QuerryMess\07.QuerryMess.csproj", "{104300E4-FFB4-488B-BC68-FC621D1277D7}"
EndProject
Project("{FAE04EC0-301F-11D3-BF4B-00C04F79EFBC}") = "08.UseYourChainsBuddy", "08.UseYourChainsBuddy\08.UseYourChainsBuddy.csproj", "{7C41EF3B-461D-445F-BEB1-2C4AA2D807F3}"
EndProject
Global
	GlobalSection(SolutionConfigurationPlatforms) = preSolution
		Debug|Any CPU = Debug|Any CPU
		Release|Any CPU = Release|Any CPU
	EndGlobalSection
	GlobalSection(ProjectConfigurationPlatforms) = postSolution
		{7CA10F0A-1728-43EA-9094-02808EA4B31F}.Debug|Any CPU.ActiveCfg = Debug|Any CPU
		{7CA10F0A-1728-43EA-9094-02808EA4B31F}.Debug|Any CPU.Build.0 = Debug|Any CPU
		{7CA10F0A-1728-43EA-9094-02808EA4B31F}.Release|Any CPU.ActiveCfg = Release|Any CPU
		{7CA10F0A-1728-43EA-9094-02808EA4B31F}.Release|Any CPU.Build.0 = Release|Any CPU
		{4D716BA6-2EFD-4C28-8A09-71D593F1E023}.Debug|Any CPU.ActiveCfg = Debug|Any CPU
		{4D716BA6-2EFD-4C28-8A09-71D593F1E023}.Debug|Any CPU.Build.0 = Debug|Any CPU
		{4D716BA6-2EFD-4C28-8A09-71D593F1E023}.Release|Any CPU.ActiveCfg = Release|Any CPU
		{4D716BA6-2EFD-4C28-8A09-71D593F1E023}.Release|Any CPU.Build.0 = Release|Any CPU
		{073A5971-1245-4751-907F-E3581121E611}.Debug|Any CPU.ActiveCfg = Debug|Any CPU
		{073A5971-1245-4751-907F-E3581121E611}.Debug|Any CPU.Build.0 = Debug|Any CPU
		{073A5971-1245-4751-907F-E3581121E611}.Release|Any CPU.ActiveCfg = Release|Any CPU
		{073A5971-1245-4751-907F-E3581121E611}.Release|Any CPU.Build.0 = Release|Any CPU
		{C37A3AAE-43CE-4605-A22D-A979791E6AE9}.Debug|Any CPU.ActiveCfg = Debug|Any CPU
		{C37A3AAE-43CE-4605-A22D-A979791E6AE9}.Debug|Any CPU.Build.0 = Debug|Any CPU
		{C37A3AAE-43CE-4605-A22D-A979791E6AE9}.Release|Any CPU.ActiveCfg = Release|Any CPU
		{C37A3AAE-43CE-4605-A22D-A979791E6AE9}.Release|Any CPU.Build.0 = Release|Any CPU
		{167FAD27-09D5-4897-8EF0-BCFF25BBBCB1}.Debug|Any CPU.ActiveCfg = Debug|Any CPU
		{167FAD27-09D5-4897-8EF0-BCFF25BBBCB1}.Debug|Any CPU.Build.0 = Debug|Any CPU
		{167FAD27-09D5-4897-8EF0-BCFF25BBBCB1}.Release|Any CPU.ActiveCfg = Release|Any CPU
		{167FAD27-09D5-4897-8EF0-BCFF25BBBCB1}.Release|Any CPU.Build.0 = Release|Any CPU
		{4A513D12-EC40-4873-B7CA-F1EDA8E36DD7}.Debug|Any CPU.ActiveCfg = Debug|Any CPU
		{4A513D12-EC40-4873-B7CA-F1EDA8E36DD7}.Debug|Any CPU.Build.0 = Debug|Any CPU
		{4A513D12-EC40-4873-B7CA-F1EDA8E36DD7}.Release|Any CPU.ActiveCfg = Release|Any CPU
		{4A513D12-EC40-4873-B7CA-F1EDA8E36DD7}.Release|Any CPU.Build.0 = Release|Any CPU
		{6A3C5A4E-662D-4A02-81D9-48A0E4A0B650}.Debug|Any CPU.ActiveCfg = Debug|Any CPU
		{6A3C5A4E-662D-4A02-81D9-48A0E4A0B650}.Debug|Any CPU.Build.0 = Debug|Any CPU
		{6A3C5A4E-662D-4A02-81D9-48A0E4A0B650}.Release|Any CPU.ActiveCfg = Release|Any CPU
		{6A3C5A4E-662D-4A02-81D9-48A0E4A0B650}.Release|Any CPU.Build.0 = Release|Any CPU
		{104300E4-FFB4-488B-BC68-FC621D1277D7}.Debug|Any CPU.ActiveCfg = Debug|Any CPU
		{104300E4-FFB4-488B-BC68-FC621D1277D7}.Debug|Any CPU.Build.0 = Debug|Any CPU
		{104300E4-FFB4-488B-BC68-FC621D1277D7}.Release|Any CPU.ActiveCfg = Release|Any CPU
		{104300E4-FFB4-488B-BC68-FC621D1277D7}.Release|Any CPU.Build.0 = Release|Any CPU
		{7C41EF3B-461D-445F-BEB1-2C4AA2D807F3}.Debug|Any CPU.ActiveCfg = Debug|Any CPU
		{7C41EF3B-461D-445F-BEB1-2C4AA2D807F3}.Debug|Any CPU.Build.0 = Debug|Any CPU
		{7C41EF3B-461D-445F-BEB1-2C4AA2D807F3}.Release|Any CPU.ActiveCfg = Release|Any CPU
		{7C41EF3B-461D-445F-BEB1-2C4AA2D807F3}.Release|Any CPU.Build.0 = Release|Any CPU
	EndGlobalSection
	GlobalSection(SolutionProperties) = preSolution
		HideSolutionNode = FALSE
	EndGlobalSection
EndGlobal
